
Microsoft Visual Studio Solution File, Format Version 12.00
# Visual Studio 14
VisualStudioVersion = 14.0.25420.1
MinimumVisualStudioVersion = 10.0.40219.1
Project("{FAE04EC0-301F-11D3-BF4B-00C04F79EFBC}") = "ColorPicker", "ColorPicker\ColorPicker.csproj", "{60DBC28D-9043-4C6A-A901-8D0E49202AFF}"
EndProject
Project("{2150E333-8FDC-42A3-9474-1A3956D46DE8}") = "Solution Items", "Solution Items", "{5F7AE6BA-6A24-474F-91A8-C1BB93952DF9}"
	ProjectSection(SolutionItems) = preProject
		.gitattributes = .gitattributes
		.gitignore = .gitignore
		LICENSE = LICENSE
		README.md = README.md
	EndProjectSection
EndProject
Project("{2150E333-8FDC-42A3-9474-1A3956D46DE8}") = "Resources", "Resources", "{71FE1416-68A3-4DCC-A11C-586C6E79BFDF}"
	ProjectSection(SolutionItems) = preProject
		Resources\ColorPicker.gif = Resources\ColorPicker.gif
	EndProjectSection
EndProject
Global
	GlobalSection(SolutionConfigurationPlatforms) = preSolution
		Debug|Any CPU = Debug|Any CPU
		Release|Any CPU = Release|Any CPU
	EndGlobalSection
	GlobalSection(ProjectConfigurationPlatforms) = postSolution
		{60DBC28D-9043-4C6A-A901-8D0E49202AFF}.Debug|Any CPU.ActiveCfg = Debug|Any CPU
		{60DBC28D-9043-4C6A-A901-8D0E49202AFF}.Debug|Any CPU.Build.0 = Debug|Any CPU
		{60DBC28D-9043-4C6A-A901-8D0E49202AFF}.Release|Any CPU.ActiveCfg = Release|Any CPU
		{60DBC28D-9043-4C6A-A901-8D0E49202AFF}.Release|Any CPU.Build.0 = Release|Any CPU
	EndGlobalSection
	GlobalSection(SolutionProperties) = preSolution
		HideSolutionNode = FALSE
	EndGlobalSection
	GlobalSection(NestedProjects) = preSolution
		{71FE1416-68A3-4DCC-A11C-586C6E79BFDF} = {5F7AE6BA-6A24-474F-91A8-C1BB93952DF9}
	EndGlobalSection
EndGlobal
